
Microsoft Visual Studio Solution File, Format Version 12.00
# Visual Studio Version 17
VisualStudioVersion = 17.7.34221.43
MinimumVisualStudioVersion = 10.0.40219.1
Project("{FAE04EC0-301F-11D3-BF4B-00C04F79EFBC}") = "DesafiosCursoC#", "DesafiosCursoC#\DesafiosCursoC#.csproj", "{DCDDCE13-105B-4EF9-9304-8B8F14FE80E5}"
EndProject
Global
	GlobalSection(SolutionConfigurationPlatforms) = preSolution
		Debug|Any CPU = Debug|Any CPU
		Release|Any CPU = Release|Any CPU
	EndGlobalSection
	GlobalSection(ProjectConfigurationPlatforms) = postSolution
		{DCDDCE13-105B-4EF9-9304-8B8F14FE80E5}.Debug|Any CPU.ActiveCfg = Debug|Any CPU
		{DCDDCE13-105B-4EF9-9304-8B8F14FE80E5}.Debug|Any CPU.Build.0 = Debug|Any CPU
		{DCDDCE13-105B-4EF9-9304-8B8F14FE80E5}.Release|Any CPU.ActiveCfg = Release|Any CPU
		{DCDDCE13-105B-4EF9-9304-8B8F14FE80E5}.Release|Any CPU.Build.0 = Release|Any CPU
	EndGlobalSection
	GlobalSection(SolutionProperties) = preSolution
		HideSolutionNode = FALSE
	EndGlobalSection
	GlobalSection(ExtensibilityGlobals) = postSolution
		SolutionGuid = {8AE47473-8748-4839-8A10-707A4D89C22B}
	EndGlobalSection
EndGlobal
